{
  "name": "upptack",
  "version": "0.1.0",
  "lockfileVersion": 1,
  "dependencies": {
    "es6-promise": {
      "version": "3.3.1",
      "resolved": "https://registry.npmjs.org/es6-promise/-/es6-promise-3.3.1.tgz",
      "integrity": "sha1-oIzd6EzNvzTQJ6FFG8kdS80ophM="
    },
    "lodash": {
      "version": "4.17.4",
      "resolved": "https://registry.npmjs.org/lodash/-/lodash-4.17.4.tgz",
      "integrity": "sha1-eCA6TRwyiuHYbcpkYONptX9AVa4="
    },
    "redux-react-firebase": {
      "version": "2.6.1",
      "resolved": "https://registry.npmjs.org/redux-react-firebase/-/redux-react-firebase-2.6.1.tgz",
      "integrity": "sha1-IY2xPA5Et6rW3d1XWcdvdmgtZOc="
    }
  }
}
